
Microsoft Visual Studio Solution File, Format Version 12.00
# Visual Studio 14
VisualStudioVersion = 14.0.25420.1
MinimumVisualStudioVersion = 10.0.40219.1
Project("{FAE04EC0-301F-11D3-BF4B-00C04F79EFBC}") = "Logger", "Logger\Logger.csproj", "{B6CC566B-7409-4900-A198-1723B244462D}"
EndProject
Project("{FAE04EC0-301F-11D3-BF4B-00C04F79EFBC}") = "Sample", "Sample\Sample.csproj", "{C94BEF83-72CB-48E3-A066-EBD5CB5000FC}"
EndProject
Global
	GlobalSection(SolutionConfigurationPlatforms) = preSolution
		Debug|Any CPU = Debug|Any CPU
		Release|Any CPU = Release|Any CPU
	EndGlobalSection
	GlobalSection(ProjectConfigurationPlatforms) = postSolution
		{B6CC566B-7409-4900-A198-1723B244462D}.Debug|Any CPU.ActiveCfg = Debug|Any CPU
		{B6CC566B-7409-4900-A198-1723B244462D}.Debug|Any CPU.Build.0 = Debug|Any CPU
		{B6CC566B-7409-4900-A198-1723B244462D}.Release|Any CPU.ActiveCfg = Release|Any CPU
		{B6CC566B-7409-4900-A198-1723B244462D}.Release|Any CPU.Build.0 = Release|Any CPU
		{C94BEF83-72CB-48E3-A066-EBD5CB5000FC}.Debug|Any CPU.ActiveCfg = Debug|Any CPU
		{C94BEF83-72CB-48E3-A066-EBD5CB5000FC}.Debug|Any CPU.Build.0 = Debug|Any CPU
		{C94BEF83-72CB-48E3-A066-EBD5CB5000FC}.Release|Any CPU.ActiveCfg = Release|Any CPU
		{C94BEF83-72CB-48E3-A066-EBD5CB5000FC}.Release|Any CPU.Build.0 = Release|Any CPU
	EndGlobalSection
	GlobalSection(SolutionProperties) = preSolution
		HideSolutionNode = FALSE
	EndGlobalSection
EndGlobal
